// !$*UTF8*$!
{
	archiveVersion = 1;
	classes = {
	};
	objectVersion = 50;
	objects = {

/* Begin PBXBuildFile section */
		ED091BA12465AB71007AB7AD /* IQTextView.swift in Sources */ = {isa = PBXBuildFile; fileRef = ED091B8D2465AB71007AB7AD /* IQTextView.swift */; };
		ED091BA22465AB71007AB7AD /* IQPreviousNextView.swift in Sources */ = {isa = PBXBuildFile; fileRef = ED091B8F2465AB71007AB7AD /* IQPreviousNextView.swift */; };
		ED091BA32465AB71007AB7AD /* IQTitleBarButtonItem.swift in Sources */ = {isa = PBXBuildFile; fileRef = ED091B902465AB71007AB7AD /* IQTitleBarButtonItem.swift */; };
		ED091BA42465AB71007AB7AD /* IQBarButtonItem.swift in Sources */ = {isa = PBXBuildFile; fileRef = ED091B912465AB71007AB7AD /* IQBarButtonItem.swift */; };
		ED091BA52465AB71007AB7AD /* IQToolbar.swift in Sources */ = {isa = PBXBuildFile; fileRef = ED091B922465AB71007AB7AD /* IQToolbar.swift */; };
		ED091BA62465AB71007AB7AD /* IQUIView+IQKeyboardToolbar.swift in Sources */ = {isa = PBXBuildFile; fileRef = ED091B932465AB71007AB7AD /* IQUIView+IQKeyboardToolbar.swift */; };
		ED091BA72465AB71007AB7AD /* IQInvocation.swift in Sources */ = {isa = PBXBuildFile; fileRef = ED091B942465AB71007AB7AD /* IQInvocation.swift */; };
		ED091BA82465AB71007AB7AD /* IQKeyboardManagerConstantsInternal.swift in Sources */ = {isa = PBXBuildFile; fileRef = ED091B962465AB71007AB7AD /* IQKeyboardManagerConstantsInternal.swift */; };
		ED091BA92465AB71007AB7AD /* IQKeyboardManagerConstants.swift in Sources */ = {isa = PBXBuildFile; fileRef = ED091B972465AB71007AB7AD /* IQKeyboardManagerConstants.swift */; };
		ED091BAA2465AB71007AB7AD /* IQKeyboardReturnKeyHandler.swift in Sources */ = {isa = PBXBuildFile; fileRef = ED091B982465AB71007AB7AD /* IQKeyboardReturnKeyHandler.swift */; };
		ED091BAB2465AB71007AB7AD /* IQKeyboardManager.swift in Sources */ = {isa = PBXBuildFile; fileRef = ED091B992465AB71007AB7AD /* IQKeyboardManager.swift */; };
		ED091BAC2465AB71007AB7AD /* IQUIScrollView+Additions.swift in Sources */ = {isa = PBXBuildFile; fileRef = ED091B9C2465AB71007AB7AD /* IQUIScrollView+Additions.swift */; };
		ED091BAD2465AB71007AB7AD /* IQUIViewController+Additions.swift in Sources */ = {isa = PBXBuildFile; fileRef = ED091B9D2465AB71007AB7AD /* IQUIViewController+Additions.swift */; };
		ED091BAE2465AB71007AB7AD /* IQUITextFieldView+Additions.swift in Sources */ = {isa = PBXBuildFile; fileRef = ED091B9E2465AB71007AB7AD /* IQUITextFieldView+Additions.swift */; };
		ED091BAF2465AB71007AB7AD /* IQUIView+Hierarchy.swift in Sources */ = {isa = PBXBuildFile; fileRef = ED091B9F2465AB71007AB7AD /* IQUIView+Hierarchy.swift */; };
		ED091BB02465AB71007AB7AD /* IQNSArray+Sort.swift in Sources */ = {isa = PBXBuildFile; fileRef = ED091BA02465AB71007AB7AD /* IQNSArray+Sort.swift */; };
		ED091BB22466FFA9007AB7AD /* AppModel.swift in Sources */ = {isa = PBXBuildFile; fileRef = ED091BB12466FFA9007AB7AD /* AppModel.swift */; };
		ED091BB4246738AF007AB7AD /* CoreUtils.swift in Sources */ = {isa = PBXBuildFile; fileRef = ED091BB3246738AF007AB7AD /* CoreUtils.swift */; };
		ED453D0E24640F6F00F8BA32 /* AppDelegate.swift in Sources */ = {isa = PBXBuildFile; fileRef = ED453D0D24640F6F00F8BA32 /* AppDelegate.swift */; };
		ED453D1024640F6F00F8BA32 /* SceneDelegate.swift in Sources */ = {isa = PBXBuildFile; fileRef = ED453D0F24640F6F00F8BA32 /* SceneDelegate.swift */; };
		ED453D1224640F6F00F8BA32 /* ContentView.swift in Sources */ = {isa = PBXBuildFile; fileRef = ED453D1124640F6F00F8BA32 /* ContentView.swift */; };
		ED453D1424640F7500F8BA32 /* Assets.xcassets in Resources */ = {isa = PBXBuildFile; fileRef = ED453D1324640F7500F8BA32 /* Assets.xcassets */; };
		ED453D1724640F7600F8BA32 /* Preview Assets.xcassets in Resources */ = {isa = PBXBuildFile; fileRef = ED453D1624640F7600F8BA32 /* Preview Assets.xcassets */; };
		ED453D1A24640F7600F8BA32 /* LaunchScreen.storyboard in Resources */ = {isa = PBXBuildFile; fileRef = ED453D1824640F7600F8BA32 /* LaunchScreen.storyboard */; };
		ED453D252464512F00F8BA32 /* BuyExpenses.swift in Sources */ = {isa = PBXBuildFile; fileRef = ED453D242464512F00F8BA32 /* BuyExpenses.swift */; };
		ED453D272464542100F8BA32 /* MortgageExpenses.swift in Sources */ = {isa = PBXBuildFile; fileRef = ED453D262464542100F8BA32 /* MortgageExpenses.swift */; };
		ED453D292464587700F8BA32 /* PeriodicExpenses.swift in Sources */ = {isa = PBXBuildFile; fileRef = ED453D282464587700F8BA32 /* PeriodicExpenses.swift */; };
		ED453D2B2464594500F8BA32 /* TaxesView.swift in Sources */ = {isa = PBXBuildFile; fileRef = ED453D2A2464594500F8BA32 /* TaxesView.swift */; };
/* End PBXBuildFile section */

/* Begin PBXFileReference section */
		ED091B8D2465AB71007AB7AD /* IQTextView.swift */ = {isa = PBXFileReference; fileEncoding = 4; lastKnownFileType = sourcecode.swift; path = IQTextView.swift; sourceTree = "<group>"; };
		ED091B8F2465AB71007AB7AD /* IQPreviousNextView.swift */ = {isa = PBXFileReference; fileEncoding = 4; lastKnownFileType = sourcecode.swift; path = IQPreviousNextView.swift; sourceTree = "<group>"; };
		ED091B902465AB71007AB7AD /* IQTitleBarButtonItem.swift */ = {isa = PBXFileReference; fileEncoding = 4; lastKnownFileType = sourcecode.swift; path = IQTitleBarButtonItem.swift; sourceTree = "<group>"; };
		ED091B912465AB71007AB7AD /* IQBarButtonItem.swift */ = {isa = PBXFileReference; fileEncoding = 4; lastKnownFileType = sourcecode.swift; path = IQBarButtonItem.swift; sourceTree = "<group>"; };
		ED091B922465AB71007AB7AD /* IQToolbar.swift */ = {isa = PBXFileReference; fileEncoding = 4; lastKnownFileType = sourcecode.swift; path = IQToolbar.swift; sourceTree = "<group>"; };
		ED091B932465AB71007AB7AD /* IQUIView+IQKeyboardToolbar.swift */ = {isa = PBXFileReference; fileEncoding = 4; lastKnownFileType = sourcecode.swift; path = "IQUIView+IQKeyboardToolbar.swift"; sourceTree = "<group>"; };
		ED091B942465AB71007AB7AD /* IQInvocation.swift */ = {isa = PBXFileReference; fileEncoding = 4; lastKnownFileType = sourcecode.swift; path = IQInvocation.swift; sourceTree = "<group>"; };
		ED091B962465AB71007AB7AD /* IQKeyboardManagerConstantsInternal.swift */ = {isa = PBXFileReference; fileEncoding = 4; lastKnownFileType = sourcecode.swift; path = IQKeyboardManagerConstantsInternal.swift; sourceTree = "<group>"; };
		ED091B972465AB71007AB7AD /* IQKeyboardManagerConstants.swift */ = {isa = PBXFileReference; fileEncoding = 4; lastKnownFileType = sourcecode.swift; path = IQKeyboardManagerConstants.swift; sourceTree = "<group>"; };
		ED091B982465AB71007AB7AD /* IQKeyboardReturnKeyHandler.swift */ = {isa = PBXFileReference; fileEncoding = 4; lastKnownFileType = sourcecode.swift; path = IQKeyboardReturnKeyHandler.swift; sourceTree = "<group>"; };
		ED091B992465AB71007AB7AD /* IQKeyboardManager.swift */ = {isa = PBXFileReference; fileEncoding = 4; lastKnownFileType = sourcecode.swift; path = IQKeyboardManager.swift; sourceTree = "<group>"; };
		ED091B9A2465AB71007AB7AD /* IQKeyboardManagerSwift.h */ = {isa = PBXFileReference; fileEncoding = 4; lastKnownFileType = sourcecode.c.h; path = IQKeyboardManagerSwift.h; sourceTree = "<group>"; };
		ED091B9C2465AB71007AB7AD /* IQUIScrollView+Additions.swift */ = {isa = PBXFileReference; fileEncoding = 4; lastKnownFileType = sourcecode.swift; path = "IQUIScrollView+Additions.swift"; sourceTree = "<group>"; };
		ED091B9D2465AB71007AB7AD /* IQUIViewController+Additions.swift */ = {isa = PBXFileReference; fileEncoding = 4; lastKnownFileType = sourcecode.swift; path = "IQUIViewController+Additions.swift"; sourceTree = "<group>"; };
		ED091B9E2465AB71007AB7AD /* IQUITextFieldView+Additions.swift */ = {isa = PBXFileReference; fileEncoding = 4; lastKnownFileType = sourcecode.swift; path = "IQUITextFieldView+Additions.swift"; sourceTree = "<group>"; };
		ED091B9F2465AB71007AB7AD /* IQUIView+Hierarchy.swift */ = {isa = PBXFileReference; fileEncoding = 4; lastKnownFileType = sourcecode.swift; path = "IQUIView+Hierarchy.swift"; sourceTree = "<group>"; };
		ED091BA02465AB71007AB7AD /* IQNSArray+Sort.swift */ = {isa = PBXFileReference; fileEncoding = 4; lastKnownFileType = sourcecode.swift; path = "IQNSArray+Sort.swift"; sourceTree = "<group>"; };
		ED091BB12466FFA9007AB7AD /* AppModel.swift */ = {isa = PBXFileReference; lastKnownFileType = sourcecode.swift; path = AppModel.swift; sourceTree = "<group>"; };
		ED091BB3246738AF007AB7AD /* CoreUtils.swift */ = {isa = PBXFileReference; lastKnownFileType = sourcecode.swift; path = CoreUtils.swift; sourceTree = "<group>"; };
		ED453D0A24640F6F00F8BA32 /* Buy & Rent.app */ = {isa = PBXFileReference; explicitFileType = wrapper.application; includeInIndex = 0; path = "Buy & Rent.app"; sourceTree = BUILT_PRODUCTS_DIR; };
		ED453D0D24640F6F00F8BA32 /* AppDelegate.swift */ = {isa = PBXFileReference; lastKnownFileType = sourcecode.swift; path = AppDelegate.swift; sourceTree = "<group>"; };
		ED453D0F24640F6F00F8BA32 /* SceneDelegate.swift */ = {isa = PBXFileReference; lastKnownFileType = sourcecode.swift; path = SceneDelegate.swift; sourceTree = "<group>"; };
		ED453D1124640F6F00F8BA32 /* ContentView.swift */ = {isa = PBXFileReference; lastKnownFileType = sourcecode.swift; path = ContentView.swift; sourceTree = "<group>"; };
		ED453D1324640F7500F8BA32 /* Assets.xcassets */ = {isa = PBXFileReference; lastKnownFileType = folder.assetcatalog; path = Assets.xcassets; sourceTree = "<group>"; };
		ED453D1624640F7600F8BA32 /* Preview Assets.xcassets */ = {isa = PBXFileReference; lastKnownFileType = folder.assetcatalog; path = "Preview Assets.xcassets"; sourceTree = "<group>"; };
		ED453D1924640F7600F8BA32 /* Base */ = {isa = PBXFileReference; lastKnownFileType = file.storyboard; name = Base; path = Base.lproj/LaunchScreen.storyboard; sourceTree = "<group>"; };
		ED453D1B24640F7600F8BA32 /* Info.plist */ = {isa = PBXFileReference; lastKnownFileType = text.plist.xml; path = Info.plist; sourceTree = "<group>"; };
		ED453D242464512F00F8BA32 /* BuyExpenses.swift */ = {isa = PBXFileReference; lastKnownFileType = sourcecode.swift; path = BuyExpenses.swift; sourceTree = "<group>"; };
		ED453D262464542100F8BA32 /* MortgageExpenses.swift */ = {isa = PBXFileReference; lastKnownFileType = sourcecode.swift; path = MortgageExpenses.swift; sourceTree = "<group>"; };
		ED453D282464587700F8BA32 /* PeriodicExpenses.swift */ = {isa = PBXFileReference; lastKnownFileType = sourcecode.swift; path = PeriodicExpenses.swift; sourceTree = "<group>"; };
		ED453D2A2464594500F8BA32 /* TaxesView.swift */ = {isa = PBXFileReference; lastKnownFileType = sourcecode.swift; path = TaxesView.swift; sourceTree = "<group>"; };
/* End PBXFileReference section */

/* Begin PBXFrameworksBuildPhase section */
		ED453D0724640F6F00F8BA32 /* Frameworks */ = {
			isa = PBXFrameworksBuildPhase;
			buildActionMask = 2147483647;
			files = (
			);
			runOnlyForDeploymentPostprocessing = 0;
		};
/* End PBXFrameworksBuildPhase section */

/* Begin PBXGroup section */
		ED091B8B2465AB71007AB7AD /* IQKeyboardManagerSwift */ = {
			isa = PBXGroup;
			children = (
				ED091B8C2465AB71007AB7AD /* IQTextView */,
				ED091B8E2465AB71007AB7AD /* IQToolbar */,
				ED091B952465AB71007AB7AD /* Constants */,
				ED091B982465AB71007AB7AD /* IQKeyboardReturnKeyHandler.swift */,
				ED091B992465AB71007AB7AD /* IQKeyboardManager.swift */,
				ED091B9A2465AB71007AB7AD /* IQKeyboardManagerSwift.h */,
				ED091B9B2465AB71007AB7AD /* Categories */,
			);
			path = IQKeyboardManagerSwift;
			sourceTree = "<group>";
		};
		ED091B8C2465AB71007AB7AD /* IQTextView */ = {
			isa = PBXGroup;
			children = (
				ED091B8D2465AB71007AB7AD /* IQTextView.swift */,
			);
			path = IQTextView;
			sourceTree = "<group>";
		};
		ED091B8E2465AB71007AB7AD /* IQToolbar */ = {
			isa = PBXGroup;
			children = (
				ED091B8F2465AB71007AB7AD /* IQPreviousNextView.swift */,
				ED091B902465AB71007AB7AD /* IQTitleBarButtonItem.swift */,
				ED091B912465AB71007AB7AD /* IQBarButtonItem.swift */,
				ED091B922465AB71007AB7AD /* IQToolbar.swift */,
				ED091B932465AB71007AB7AD /* IQUIView+IQKeyboardToolbar.swift */,
				ED091B942465AB71007AB7AD /* IQInvocation.swift */,
			);
			path = IQToolbar;
			sourceTree = "<group>";
		};
		ED091B952465AB71007AB7AD /* Constants */ = {
			isa = PBXGroup;
			children = (
				ED091B962465AB71007AB7AD /* IQKeyboardManagerConstantsInternal.swift */,
				ED091B972465AB71007AB7AD /* IQKeyboardManagerConstants.swift */,
			);
			path = Constants;
			sourceTree = "<group>";
		};
		ED091B9B2465AB71007AB7AD /* Categories */ = {
			isa = PBXGroup;
			children = (
				ED091B9C2465AB71007AB7AD /* IQUIScrollView+Additions.swift */,
				ED091B9D2465AB71007AB7AD /* IQUIViewController+Additions.swift */,
				ED091B9E2465AB71007AB7AD /* IQUITextFieldView+Additions.swift */,
				ED091B9F2465AB71007AB7AD /* IQUIView+Hierarchy.swift */,
				ED091BA02465AB71007AB7AD /* IQNSArray+Sort.swift */,
			);
			path = Categories;
			sourceTree = "<group>";
		};
		ED453D0124640F6F00F8BA32 = {
			isa = PBXGroup;
			children = (
				ED453D0C24640F6F00F8BA32 /* Buy&Rent */,
				ED453D0B24640F6F00F8BA32 /* Products */,
			);
			sourceTree = "<group>";
		};
		ED453D0B24640F6F00F8BA32 /* Products */ = {
			isa = PBXGroup;
			children = (
				ED453D0A24640F6F00F8BA32 /* Buy & Rent.app */,
			);
			name = Products;
			sourceTree = "<group>";
		};
		ED453D0C24640F6F00F8BA32 /* Buy&Rent */ = {
			isa = PBXGroup;
			children = (
				ED091B8B2465AB71007AB7AD /* IQKeyboardManagerSwift */,
				ED453D21246410F500F8BA32 /* Model */,
				ED453D0D24640F6F00F8BA32 /* AppDelegate.swift */,
				ED453D0F24640F6F00F8BA32 /* SceneDelegate.swift */,
				ED453D1124640F6F00F8BA32 /* ContentView.swift */,
				ED453D1324640F7500F8BA32 /* Assets.xcassets */,
				ED453D1824640F7600F8BA32 /* LaunchScreen.storyboard */,
				ED453D242464512F00F8BA32 /* BuyExpenses.swift */,
				ED453D262464542100F8BA32 /* MortgageExpenses.swift */,
				ED453D282464587700F8BA32 /* PeriodicExpenses.swift */,
				ED453D2A2464594500F8BA32 /* TaxesView.swift */,
				ED453D1B24640F7600F8BA32 /* Info.plist */,
				ED453D1524640F7600F8BA32 /* Preview Content */,
			);
			path = "Buy&Rent";
			sourceTree = "<group>";
		};
		ED453D1524640F7600F8BA32 /* Preview Content */ = {
			isa = PBXGroup;
			children = (
				ED453D1624640F7600F8BA32 /* Preview Assets.xcassets */,
			);
			path = "Preview Content";
			sourceTree = "<group>";
		};
		ED453D21246410F500F8BA32 /* Model */ = {
			isa = PBXGroup;
			children = (
				ED091BB12466FFA9007AB7AD /* AppModel.swift */,
				ED091BB3246738AF007AB7AD /* CoreUtils.swift */,
			);
			path = Model;
			sourceTree = "<group>";
		};
/* End PBXGroup section */

/* Begin PBXNativeTarget section */
		ED453D0924640F6F00F8BA32 /* Buy&Rent */ = {
			isa = PBXNativeTarget;
			buildConfigurationList = ED453D1E24640F7600F8BA32 /* Build configuration list for PBXNativeTarget "Buy&Rent" */;
			buildPhases = (
				ED453D0624640F6F00F8BA32 /* Sources */,
				ED453D0724640F6F00F8BA32 /* Frameworks */,
				ED453D0824640F6F00F8BA32 /* Resources */,
			);
			buildRules = (
			);
			dependencies = (
			);
			name = "Buy&Rent";
			productName = "Buy&Rent";
			productReference = ED453D0A24640F6F00F8BA32 /* Buy & Rent.app */;
			productType = "com.apple.product-type.application";
		};
/* End PBXNativeTarget section */

/* Begin PBXProject section */
		ED453D0224640F6F00F8BA32 /* Project object */ = {
			isa = PBXProject;
			attributes = {
				LastSwiftUpdateCheck = 1140;
				LastUpgradeCheck = 1140;
				ORGANIZATIONNAME = "iMac Óscar";
				TargetAttributes = {
					ED453D0924640F6F00F8BA32 = {
						CreatedOnToolsVersion = 11.4.1;
					};
				};
			};
			buildConfigurationList = ED453D0524640F6F00F8BA32 /* Build configuration list for PBXProject "Buy&Rent" */;
			compatibilityVersion = "Xcode 9.3";
			developmentRegion = en;
			hasScannedForEncodings = 0;
			knownRegions = (
				en,
				Base,
			);
			mainGroup = ED453D0124640F6F00F8BA32;
			productRefGroup = ED453D0B24640F6F00F8BA32 /* Products */;
			projectDirPath = "";
			projectRoot = "";
			targets = (
				ED453D0924640F6F00F8BA32 /* Buy&Rent */,
			);
		};
/* End PBXProject section */

/* Begin PBXResourcesBuildPhase section */
		ED453D0824640F6F00F8BA32 /* Resources */ = {
			isa = PBXResourcesBuildPhase;
			buildActionMask = 2147483647;
			files = (
				ED453D1A24640F7600F8BA32 /* LaunchScreen.storyboard in Resources */,
				ED453D1724640F7600F8BA32 /* Preview Assets.xcassets in Resources */,
				ED453D1424640F7500F8BA32 /* Assets.xcassets in Resources */,
			);
			runOnlyForDeploymentPostprocessing = 0;
		};
/* End PBXResourcesBuildPhase section */

/* Begin PBXSourcesBuildPhase section */
		ED453D0624640F6F00F8BA32 /* Sources */ = {
			isa = PBXSourcesBuildPhase;
			buildActionMask = 2147483647;
			files = (
				ED091BA62465AB71007AB7AD /* IQUIView+IQKeyboardToolbar.swift in Sources */,
				ED453D292464587700F8BA32 /* PeriodicExpenses.swift in Sources */,
				ED453D0E24640F6F00F8BA32 /* AppDelegate.swift in Sources */,
				ED091BAD2465AB71007AB7AD /* IQUIViewController+Additions.swift in Sources */,
				ED091BB4246738AF007AB7AD /* CoreUtils.swift in Sources */,
				ED091BA82465AB71007AB7AD /* IQKeyboardManagerConstantsInternal.swift in Sources */,
				ED091BA12465AB71007AB7AD /* IQTextView.swift in Sources */,
				ED091BA32465AB71007AB7AD /* IQTitleBarButtonItem.swift in Sources */,
				ED091BAF2465AB71007AB7AD /* IQUIView+Hierarchy.swift in Sources */,
				ED453D2B2464594500F8BA32 /* TaxesView.swift in Sources */,
				ED453D1024640F6F00F8BA32 /* SceneDelegate.swift in Sources */,
				ED091BAB2465AB71007AB7AD /* IQKeyboardManager.swift in Sources */,
				ED091BAA2465AB71007AB7AD /* IQKeyboardReturnKeyHandler.swift in Sources */,
				ED091BA42465AB71007AB7AD /* IQBarButtonItem.swift in Sources */,
				ED453D272464542100F8BA32 /* MortgageExpenses.swift in Sources */,
				ED091BA92465AB71007AB7AD /* IQKeyboardManagerConstants.swift in Sources */,
				ED091BAC2465AB71007AB7AD /* IQUIScrollView+Additions.swift in Sources */,
				ED091BA72465AB71007AB7AD /* IQInvocation.swift in Sources */,
				ED091BAE2465AB71007AB7AD /* IQUITextFieldView+Additions.swift in Sources */,
				ED091BA22465AB71007AB7AD /* IQPreviousNextView.swift in Sources */,
				ED091BB22466FFA9007AB7AD /* AppModel.swift in Sources */,
				ED453D252464512F00F8BA32 /* BuyExpenses.swift in Sources */,
				ED091BB02465AB71007AB7AD /* IQNSArray+Sort.swift in Sources */,
				ED453D1224640F6F00F8BA32 /* ContentView.swift in Sources */,
				ED091BA52465AB71007AB7AD /* IQToolbar.swift in Sources */,
			);
			runOnlyForDeploymentPostprocessing = 0;
		};
/* End PBXSourcesBuildPhase section */

/* Begin PBXVariantGroup section */
		ED453D1824640F7600F8BA32 /* LaunchScreen.storyboard */ = {
			isa = PBXVariantGroup;
			children = (
				ED453D1924640F7600F8BA32 /* Base */,
			);
			name = LaunchScreen.storyboard;
			sourceTree = "<group>";
		};
/* End PBXVariantGroup section */

/* Begin XCBuildConfiguration section */
		ED453D1C24640F7600F8BA32 /* Debug */ = {
			isa = XCBuildConfiguration;
			buildSettings = {
				ALWAYS_SEARCH_USER_PATHS = NO;
				CLANG_ANALYZER_NONNULL = YES;
				CLANG_ANALYZER_NUMBER_OBJECT_CONVERSION = YES_AGGRESSIVE;
				CLANG_CXX_LANGUAGE_STANDARD = "gnu++14";
				CLANG_CXX_LIBRARY = "libc++";
				CLANG_ENABLE_MODULES = YES;
				CLANG_ENABLE_OBJC_ARC = YES;
				CLANG_ENABLE_OBJC_WEAK = YES;
				CLANG_WARN_BLOCK_CAPTURE_AUTORELEASING = YES;
				CLANG_WARN_BOOL_CONVERSION = YES;
				CLANG_WARN_COMMA = YES;
				CLANG_WARN_CONSTANT_CONVERSION = YES;
				CLANG_WARN_DEPRECATED_OBJC_IMPLEMENTATIONS = YES;
				CLANG_WARN_DIRECT_OBJC_ISA_USAGE = YES_ERROR;
				CLANG_WARN_DOCUMENTATION_COMMENTS = YES;
				CLANG_WARN_EMPTY_BODY = YES;
				CLANG_WARN_ENUM_CONVERSION = YES;
				CLANG_WARN_INFINITE_RECURSION = YES;
				CLANG_WARN_INT_CONVERSION = YES;
				CLANG_WARN_NON_LITERAL_NULL_CONVERSION = YES;
				CLANG_WARN_OBJC_IMPLICIT_RETAIN_SELF = YES;
				CLANG_WARN_OBJC_LITERAL_CONVERSION = YES;
				CLANG_WARN_OBJC_ROOT_CLASS = YES_ERROR;
				CLANG_WARN_RANGE_LOOP_ANALYSIS = YES;
				CLANG_WARN_STRICT_PROTOTYPES = YES;
				CLANG_WARN_SUSPICIOUS_MOVE = YES;
				CLANG_WARN_UNGUARDED_AVAILABILITY = YES_AGGRESSIVE;
				CLANG_WARN_UNREACHABLE_CODE = YES;
				CLANG_WARN__DUPLICATE_METHOD_MATCH = YES;
				COPY_PHASE_STRIP = NO;
				DEBUG_INFORMATION_FORMAT = dwarf;
				ENABLE_STRICT_OBJC_MSGSEND = YES;
				ENABLE_TESTABILITY = YES;
				GCC_C_LANGUAGE_STANDARD = gnu11;
				GCC_DYNAMIC_NO_PIC = NO;
				GCC_NO_COMMON_BLOCKS = YES;
				GCC_OPTIMIZATION_LEVEL = 0;
				GCC_PREPROCESSOR_DEFINITIONS = (
					"DEBUG=1",
					"$(inherited)",
				);
				GCC_WARN_64_TO_32_BIT_CONVERSION = YES;
				GCC_WARN_ABOUT_RETURN_TYPE = YES_ERROR;
				GCC_WARN_UNDECLARED_SELECTOR = YES;
				GCC_WARN_UNINITIALIZED_AUTOS = YES_AGGRESSIVE;
				GCC_WARN_UNUSED_FUNCTION = YES;
				GCC_WARN_UNUSED_VARIABLE = YES;
				IPHONEOS_DEPLOYMENT_TARGET = 13.4;
				MTL_ENABLE_DEBUG_INFO = INCLUDE_SOURCE;
				MTL_FAST_MATH = YES;
				ONLY_ACTIVE_ARCH = YES;
				SDKROOT = iphoneos;
				SWIFT_ACTIVE_COMPILATION_CONDITIONS = DEBUG;
				SWIFT_OPTIMIZATION_LEVEL = "-Onone";
			};
			name = Debug;
		};
		ED453D1D24640F7600F8BA32 /* Release */ = {
			isa = XCBuildConfiguration;
			buildSettings = {
				ALWAYS_SEARCH_USER_PATHS = NO;
				CLANG_ANALYZER_NONNULL = YES;
				CLANG_ANALYZER_NUMBER_OBJECT_CONVERSION = YES_AGGRESSIVE;
				CLANG_CXX_LANGUAGE_STANDARD = "gnu++14";
				CLANG_CXX_LIBRARY = "libc++";
				CLANG_ENABLE_MODULES = YES;
				CLANG_ENABLE_OBJC_ARC = YES;
				CLANG_ENABLE_OBJC_WEAK = YES;
				CLANG_WARN_BLOCK_CAPTURE_AUTORELEASING = YES;
				CLANG_WARN_BOOL_CONVERSION = YES;
				CLANG_WARN_COMMA = YES;
				CLANG_WARN_CONSTANT_CONVERSION = YES;
				CLANG_WARN_DEPRECATED_OBJC_IMPLEMENTATIONS = YES;
				CLANG_WARN_DIRECT_OBJC_ISA_USAGE = YES_ERROR;
				CLANG_WARN_DOCUMENTATION_COMMENTS = YES;
				CLANG_WARN_EMPTY_BODY = YES;
				CLANG_WARN_ENUM_CONVERSION = YES;
				CLANG_WARN_INFINITE_RECURSION = YES;
				CLANG_WARN_INT_CONVERSION = YES;
				CLANG_WARN_NON_LITERAL_NULL_CONVERSION = YES;
				CLANG_WARN_OBJC_IMPLICIT_RETAIN_SELF = YES;
				CLANG_WARN_OBJC_LITERAL_CONVERSION = YES;
				CLANG_WARN_OBJC_ROOT_CLASS = YES_ERROR;
				CLANG_WARN_RANGE_LOOP_ANALYSIS = YES;
				CLANG_WARN_STRICT_PROTOTYPES = YES;
				CLANG_WARN_SUSPICIOUS_MOVE = YES;
				CLANG_WARN_UNGUARDED_AVAILABILITY = YES_AGGRESSIVE;
				CLANG_WARN_UNREACHABLE_CODE = YES;
				CLANG_WARN__DUPLICATE_METHOD_MATCH = YES;
				COPY_PHASE_STRIP = NO;
				DEBUG_INFORMATION_FORMAT = "dwarf-with-dsym";
				ENABLE_NS_ASSERTIONS = NO;
				ENABLE_STRICT_OBJC_MSGSEND = YES;
				GCC_C_LANGUAGE_STANDARD = gnu11;
				GCC_NO_COMMON_BLOCKS = YES;
				GCC_WARN_64_TO_32_BIT_CONVERSION = YES;
				GCC_WARN_ABOUT_RETURN_TYPE = YES_ERROR;
				GCC_WARN_UNDECLARED_SELECTOR = YES;
				GCC_WARN_UNINITIALIZED_AUTOS = YES_AGGRESSIVE;
				GCC_WARN_UNUSED_FUNCTION = YES;
				GCC_WARN_UNUSED_VARIABLE = YES;
				IPHONEOS_DEPLOYMENT_TARGET = 13.4;
				MTL_ENABLE_DEBUG_INFO = NO;
				MTL_FAST_MATH = YES;
				SDKROOT = iphoneos;
				SWIFT_COMPILATION_MODE = wholemodule;
				SWIFT_OPTIMIZATION_LEVEL = "-O";
				VALIDATE_PRODUCT = YES;
			};
			name = Release;
		};
		ED453D1F24640F7600F8BA32 /* Debug */ = {
			isa = XCBuildConfiguration;
			buildSettings = {
				ASSETCATALOG_COMPILER_APPICON_NAME = AppIcon;
				CODE_SIGN_STYLE = Automatic;
				DEVELOPMENT_ASSET_PATHS = "\"Buy&Rent/Preview Content\"";
				DEVELOPMENT_TEAM = 6RRM22NQ6G;
				ENABLE_PREVIEWS = YES;
				INFOPLIST_FILE = "Buy&Rent/Info.plist";
				IPHONEOS_DEPLOYMENT_TARGET = 13.0;
				LD_RUNPATH_SEARCH_PATHS = (
					"$(inherited)",
					"@executable_path/Frameworks",
				);
				MARKETING_VERSION = 1.0.0;
				PRODUCT_BUNDLE_IDENTIFIER = "com.app.ArEW8w.Buy-Rent";
				PRODUCT_NAME = "Buy & Rent";
				SWIFT_VERSION = 5.0;
				TARGETED_DEVICE_FAMILY = "1,2";
			};
			name = Debug;
		};
		ED453D2024640F7600F8BA32 /* Release */ = {
			isa = XCBuildConfiguration;
			buildSettings = {
				ASSETCATALOG_COMPILER_APPICON_NAME = AppIcon;
				CODE_SIGN_STYLE = Automatic;
				DEVELOPMENT_ASSET_PATHS = "\"Buy&Rent/Preview Content\"";
				DEVELOPMENT_TEAM = 6RRM22NQ6G;
				ENABLE_PREVIEWS = YES;
				INFOPLIST_FILE = "Buy&Rent/Info.plist";
				IPHONEOS_DEPLOYMENT_TARGET = 13.0;
				LD_RUNPATH_SEARCH_PATHS = (
					"$(inherited)",
					"@executable_path/Frameworks",
				);
				MARKETING_VERSION = 1.0.0;
				PRODUCT_BUNDLE_IDENTIFIER = "com.app.ArEW8w.Buy-Rent";
				PRODUCT_NAME = "Buy & Rent";
				SWIFT_VERSION = 5.0;
				TARGETED_DEVICE_FAMILY = "1,2";
			};
			name = Release;
		};
/* End XCBuildConfiguration section */

/* Begin XCConfigurationList section */
		ED453D0524640F6F00F8BA32 /* Build configuration list for PBXProject "Buy&Rent" */ = {
			isa = XCConfigurationList;
			buildConfigurations = (
				ED453D1C24640F7600F8BA32 /* Debug */,
				ED453D1D24640F7600F8BA32 /* Release */,
			);
			defaultConfigurationIsVisible = 0;
			defaultConfigurationName = Release;
		};
		ED453D1E24640F7600F8BA32 /* Build configuration list for PBXNativeTarget "Buy&Rent" */ = {
			isa = XCConfigurationList;
			buildConfigurations = (
				ED453D1F24640F7600F8BA32 /* Debug */,
				ED453D2024640F7600F8BA32 /* Release */,
			);
			defaultConfigurationIsVisible = 0;
			defaultConfigurationName = Release;
		};
/* End XCConfigurationList section */
	};
	rootObject = ED453D0224640F6F00F8BA32 /* Project object */;
}
